
Microsoft Visual Studio Solution File, Format Version 12.00
# Visual Studio Version 17
VisualStudioVersion = 17.8.34330.188
MinimumVisualStudioVersion = 10.0.40219.1
Project("{9A19103F-16F7-4668-BE54-9A1E7A4F7556}") = "QueueOrder", "QueueOrder\QueueOrder.csproj", "{54CB155A-38A8-4B51-83A8-F400CFB1E177}"
EndProject
Project("{9A19103F-16F7-4668-BE54-9A1E7A4F7556}") = "QueuePayment", "QueuePayment\QueuePayment.csproj", "{83BC5290-5679-45D1-B748-953D1D54D9D6}"
EndProject
Global
	GlobalSection(SolutionConfigurationPlatforms) = preSolution
		Debug|Any CPU = Debug|Any CPU
		Release|Any CPU = Release|Any CPU
	EndGlobalSection
	GlobalSection(ProjectConfigurationPlatforms) = postSolution
		{54CB155A-38A8-4B51-83A8-F400CFB1E177}.Debug|Any CPU.ActiveCfg = Debug|Any CPU
		{54CB155A-38A8-4B51-83A8-F400CFB1E177}.Debug|Any CPU.Build.0 = Debug|Any CPU
		{54CB155A-38A8-4B51-83A8-F400CFB1E177}.Release|Any CPU.ActiveCfg = Release|Any CPU
		{54CB155A-38A8-4B51-83A8-F400CFB1E177}.Release|Any CPU.Build.0 = Release|Any CPU
		{83BC5290-5679-45D1-B748-953D1D54D9D6}.Debug|Any CPU.ActiveCfg = Debug|Any CPU
		{83BC5290-5679-45D1-B748-953D1D54D9D6}.Debug|Any CPU.Build.0 = Debug|Any CPU
		{83BC5290-5679-45D1-B748-953D1D54D9D6}.Release|Any CPU.ActiveCfg = Release|Any CPU
		{83BC5290-5679-45D1-B748-953D1D54D9D6}.Release|Any CPU.Build.0 = Release|Any CPU
	EndGlobalSection
	GlobalSection(SolutionProperties) = preSolution
		HideSolutionNode = FALSE
	EndGlobalSection
	GlobalSection(ExtensibilityGlobals) = postSolution
		SolutionGuid = {9F422147-B671-4339-B8A5-B5076BDA431E}
	EndGlobalSection
EndGlobal
